
Microsoft Visual Studio Solution File, Format Version 11.00
# Visual Studio 2010
Project("{FAE04EC0-301F-11D3-BF4B-00C04F79EFBC}") = "Rouse", "Rouse\Rouse.csproj", "{3E63D43D-8677-4DE6-B2FF-0CEE41580DA3}"
EndProject
Project("{FAE04EC0-301F-11D3-BF4B-00C04F79EFBC}") = "RouseTests", "Rouse.Tests\RouseTests.csproj", "{F90320F6-52D7-4A05-A938-A912D0EAAFD8}"
EndProject
Global
	GlobalSection(SolutionConfigurationPlatforms) = preSolution
		Debug|Any CPU = Debug|Any CPU
		Release|Any CPU = Release|Any CPU
		Debug|iPhoneSimulator = Debug|iPhoneSimulator
		Release|iPhoneSimulator = Release|iPhoneSimulator
		Debug|iPhone = Debug|iPhone
		Release|iPhone = Release|iPhone
		Ad-Hoc|iPhone = Ad-Hoc|iPhone
		AppStore|iPhone = AppStore|iPhone
	EndGlobalSection
	GlobalSection(ProjectConfigurationPlatforms) = postSolution
		{3E63D43D-8677-4DE6-B2FF-0CEE41580DA3}.Ad-Hoc|iPhone.ActiveCfg = Debug|Any CPU
		{3E63D43D-8677-4DE6-B2FF-0CEE41580DA3}.Ad-Hoc|iPhone.Build.0 = Debug|Any CPU
		{3E63D43D-8677-4DE6-B2FF-0CEE41580DA3}.AppStore|iPhone.ActiveCfg = Debug|Any CPU
		{3E63D43D-8677-4DE6-B2FF-0CEE41580DA3}.AppStore|iPhone.Build.0 = Debug|Any CPU
		{3E63D43D-8677-4DE6-B2FF-0CEE41580DA3}.Debug|Any CPU.ActiveCfg = Debug|Any CPU
		{3E63D43D-8677-4DE6-B2FF-0CEE41580DA3}.Debug|Any CPU.Build.0 = Debug|Any CPU
		{3E63D43D-8677-4DE6-B2FF-0CEE41580DA3}.Debug|iPhone.ActiveCfg = Debug|Any CPU
		{3E63D43D-8677-4DE6-B2FF-0CEE41580DA3}.Debug|iPhone.Build.0 = Debug|Any CPU
		{3E63D43D-8677-4DE6-B2FF-0CEE41580DA3}.Debug|iPhoneSimulator.ActiveCfg = Debug|Any CPU
		{3E63D43D-8677-4DE6-B2FF-0CEE41580DA3}.Debug|iPhoneSimulator.Build.0 = Debug|Any CPU
		{3E63D43D-8677-4DE6-B2FF-0CEE41580DA3}.Release|Any CPU.ActiveCfg = Release|Any CPU
		{3E63D43D-8677-4DE6-B2FF-0CEE41580DA3}.Release|Any CPU.Build.0 = Release|Any CPU
		{3E63D43D-8677-4DE6-B2FF-0CEE41580DA3}.Release|iPhone.ActiveCfg = Release|Any CPU
		{3E63D43D-8677-4DE6-B2FF-0CEE41580DA3}.Release|iPhone.Build.0 = Release|Any CPU
		{3E63D43D-8677-4DE6-B2FF-0CEE41580DA3}.Release|iPhoneSimulator.ActiveCfg = Release|Any CPU
		{3E63D43D-8677-4DE6-B2FF-0CEE41580DA3}.Release|iPhoneSimulator.Build.0 = Release|Any CPU
		{F90320F6-52D7-4A05-A938-A912D0EAAFD8}.Ad-Hoc|iPhone.ActiveCfg = Ad-Hoc|iPhone
		{F90320F6-52D7-4A05-A938-A912D0EAAFD8}.Ad-Hoc|iPhone.Build.0 = Ad-Hoc|iPhone
		{F90320F6-52D7-4A05-A938-A912D0EAAFD8}.AppStore|iPhone.ActiveCfg = AppStore|iPhone
		{F90320F6-52D7-4A05-A938-A912D0EAAFD8}.AppStore|iPhone.Build.0 = AppStore|iPhone
		{F90320F6-52D7-4A05-A938-A912D0EAAFD8}.Debug|Any CPU.ActiveCfg = Debug|iPhoneSimulator
		{F90320F6-52D7-4A05-A938-A912D0EAAFD8}.Debug|Any CPU.Build.0 = Debug|iPhoneSimulator
		{F90320F6-52D7-4A05-A938-A912D0EAAFD8}.Debug|iPhone.ActiveCfg = Debug|iPhone
		{F90320F6-52D7-4A05-A938-A912D0EAAFD8}.Debug|iPhone.Build.0 = Debug|iPhone
		{F90320F6-52D7-4A05-A938-A912D0EAAFD8}.Debug|iPhoneSimulator.ActiveCfg = Debug|iPhoneSimulator
		{F90320F6-52D7-4A05-A938-A912D0EAAFD8}.Debug|iPhoneSimulator.Build.0 = Debug|iPhoneSimulator
		{F90320F6-52D7-4A05-A938-A912D0EAAFD8}.Release|Any CPU.ActiveCfg = Release|iPhoneSimulator
		{F90320F6-52D7-4A05-A938-A912D0EAAFD8}.Release|Any CPU.Build.0 = Release|iPhoneSimulator
		{F90320F6-52D7-4A05-A938-A912D0EAAFD8}.Release|iPhone.ActiveCfg = Release|iPhone
		{F90320F6-52D7-4A05-A938-A912D0EAAFD8}.Release|iPhone.Build.0 = Release|iPhone
		{F90320F6-52D7-4A05-A938-A912D0EAAFD8}.Release|iPhoneSimulator.ActiveCfg = Release|iPhoneSimulator
		{F90320F6-52D7-4A05-A938-A912D0EAAFD8}.Release|iPhoneSimulator.Build.0 = Release|iPhoneSimulator
	EndGlobalSection
	GlobalSection(MonoDevelopProperties) = preSolution
		StartupItem = Rouse\Rouse.csproj
	EndGlobalSection
EndGlobal
